
Microsoft Visual Studio Solution File, Format Version 12.00
# Visual Studio 15
Project("{FAE04EC0-301F-11D3-BF4B-00C04F79EFBC}") = "Assembly-CSharp", "Assembly-CSharp.csproj", "{0067199F-485F-BBE3-38AE-43A1DA8D6307}"
EndProject
Project("{FAE04EC0-301F-11D3-BF4B-00C04F79EFBC}") = "Assembly-CSharp-firstpass", "Assembly-CSharp-firstpass.csproj", "{9857AFF5-ABC7-E1FA-50BE-3734445A8AFA}"
EndProject
Global
	GlobalSection(SolutionConfigurationPlatforms) = preSolution
		Debug|Any CPU = Debug|Any CPU
		Release|Any CPU = Release|Any CPU
	EndGlobalSection
	GlobalSection(ProjectConfigurationPlatforms) = postSolution
		{0067199F-485F-BBE3-38AE-43A1DA8D6307}.Debug|Any CPU.ActiveCfg = Debug|Any CPU
		{0067199F-485F-BBE3-38AE-43A1DA8D6307}.Debug|Any CPU.Build.0 = Debug|Any CPU
		{0067199F-485F-BBE3-38AE-43A1DA8D6307}.Release|Any CPU.ActiveCfg = Release|Any CPU
		{0067199F-485F-BBE3-38AE-43A1DA8D6307}.Release|Any CPU.Build.0 = Release|Any CPU
		{9857AFF5-ABC7-E1FA-50BE-3734445A8AFA}.Debug|Any CPU.ActiveCfg = Debug|Any CPU
		{9857AFF5-ABC7-E1FA-50BE-3734445A8AFA}.Debug|Any CPU.Build.0 = Debug|Any CPU
		{9857AFF5-ABC7-E1FA-50BE-3734445A8AFA}.Release|Any CPU.ActiveCfg = Release|Any CPU
		{9857AFF5-ABC7-E1FA-50BE-3734445A8AFA}.Release|Any CPU.Build.0 = Release|Any CPU
	EndGlobalSection
	GlobalSection(SolutionProperties) = preSolution
		HideSolutionNode = FALSE
	EndGlobalSection
EndGlobal
